
Microsoft Visual Studio Solution File, Format Version 12.00
# Visual Studio Version 16
VisualStudioVersion = 16.0.31019.35
MinimumVisualStudioVersion = 10.0.40219.1
Project("{9A19103F-16F7-4668-BE54-9A1E7A4F7556}") = "Presentation_Login", "Presentation_Login\Presentation_Login.csproj", "{900ACEE4-AE78-4B71-B0FE-2CD3D7F201C6}"
	ProjectSection(ProjectDependencies) = postProject
		{92FC3166-FAEE-4144-B7BE-C21FF7E3489D} = {92FC3166-FAEE-4144-B7BE-C21FF7E3489D}
	EndProjectSection
EndProject
Project("{9A19103F-16F7-4668-BE54-9A1E7A4F7556}") = "Presentation_Clinician", "Presentation_Clinician\Presentation_Clinician.csproj", "{212EAAE5-0B91-471C-83A4-E9D91035F160}"
EndProject
Project("{9A19103F-16F7-4668-BE54-9A1E7A4F7556}") = "Presentation_Technician", "Presentation_Technician\Presentation_Technician.csproj", "{FCB5A940-6C9E-4DC3-9F5D-9F2B61826DF6}"
EndProject
Project("{9A19103F-16F7-4668-BE54-9A1E7A4F7556}") = "BLL_Clinician", "BBL_Clinician\BLL_Clinician.csproj", "{7BB0EF75-2010-475B-B10A-489A1489BB73}"
EndProject
Project("{9A19103F-16F7-4668-BE54-9A1E7A4F7556}") = "BLL_Technician", "BBL_Technician\BLL_Technician.csproj", "{ABD3C1F4-D6E9-43F0-B33F-515C63D80527}"
EndProject
Project("{9A19103F-16F7-4668-BE54-9A1E7A4F7556}") = "BLL_Login", "BLL_Login\BLL_Login.csproj", "{92FC3166-FAEE-4144-B7BE-C21FF7E3489D}"
	ProjectSection(ProjectDependencies) = postProject
		{6E22987F-2C7C-48AE-9B41-5042642D1440} = {6E22987F-2C7C-48AE-9B41-5042642D1440}
	EndProjectSection
EndProject
Project("{2150E333-8FDC-42A3-9474-1A3956D46DE8}") = "Login", "Login", "{37ECFDCC-97C3-4A3E-8ACC-76EB4F12B3D2}"
EndProject
Project("{2150E333-8FDC-42A3-9474-1A3956D46DE8}") = "Clinician", "Clinician", "{EA5C11D3-AE8C-4FD3-9926-8582A8A8ED56}"
EndProject
Project("{2150E333-8FDC-42A3-9474-1A3956D46DE8}") = "Technician", "Technician", "{8FD15657-3F4B-4C99-A30B-22EF246F2FAB}"
EndProject
Project("{9A19103F-16F7-4668-BE54-9A1E7A4F7556}") = "DLL_Login", "DLL_Login\DLL_Login.csproj", "{6E22987F-2C7C-48AE-9B41-5042642D1440}"
EndProject
Project("{9A19103F-16F7-4668-BE54-9A1E7A4F7556}") = "DLL_Technician", "DLL_Technician\DLL_Technician.csproj", "{4698E2FF-5F0D-48FA-AB35-604012DD0FE8}"
EndProject
Project("{9A19103F-16F7-4668-BE54-9A1E7A4F7556}") = "DLL_Clinician", "DLL_Clinician\DLL_Clinician.csproj", "{F90BAB2C-838E-4709-A5B2-9EF7B17AC215}"
EndProject
Project("{9A19103F-16F7-4668-BE54-9A1E7A4F7556}") = "DTO", "DTO\DTO.csproj", "{F0BF29F2-D027-455B-BBD6-A6691E42B213}"
EndProject
Project("{2150E333-8FDC-42A3-9474-1A3956D46DE8}") = "Solution Items", "Solution Items", "{4F1B9951-75BB-467B-96A2-1E316BF792C6}"
	ProjectSection(SolutionItems) = preProject
		GitCommands.txt = GitCommands.txt
	EndProjectSection
EndProject
Project("{9A19103F-16F7-4668-BE54-9A1E7A4F7556}") = "CoreEFTest", "CoreEFTest\CoreEFTest.csproj", "{DCE421AD-D0EF-46FB-8C51-CD29CF0B3C4D}"
EndProject
Project("{9A19103F-16F7-4668-BE54-9A1E7A4F7556}") = "EFCoreTestConsoleApp", "EFCoreTestConsoleApp\EFCoreTestConsoleApp.csproj", "{D61F3ECD-469A-4032-9A23-A6FE7394E8CF}"
EndProject
Project("{9A19103F-16F7-4668-BE54-9A1E7A4F7556}") = "HL7-FHIR", "HL7-FHIR\HL7-FHIR.csproj", "{5B7121CA-EC2E-4C05-9B35-4C178F61FE06}"
EndProject
Project("{9A19103F-16F7-4668-BE54-9A1E7A4F7556}") = "Technician_HearingAidApp.Test.Unit", "Technician_HearingAidApp.Test.Unit\Technician_HearingAidApp.Test.Unit.csproj", "{22EB2315-9560-4CB9-B91A-5020BFD1E6D6}"
EndProject
Project("{9A19103F-16F7-4668-BE54-9A1E7A4F7556}") = "Clinician_HearingAidApp.Test.Unit", "TestProject1\Clinician_HearingAidApp.Test.Unit.csproj", "{A9D5AADA-18CC-4DA1-9873-174AA662043B}"
EndProject
Project("{2150E333-8FDC-42A3-9474-1A3956D46DE8}") = "Show process", "Show process", "{7AA88267-1D82-40C2-ABF8-FFD26DB99722}"
EndProject
Project("{FAE04EC0-301F-11D3-BF4B-00C04F79EFBC}") = "Presentation_ShowProcess", "Presentation_ShowProcess\Presentation_ShowProcess.csproj", "{2F5492B4-0CC3-43BB-9A9F-BF4AF2FDA6A3}"
EndProject
Global
	GlobalSection(SolutionConfigurationPlatforms) = preSolution
		Debug|Any CPU = Debug|Any CPU
		Release|Any CPU = Release|Any CPU
	EndGlobalSection
	GlobalSection(ProjectConfigurationPlatforms) = postSolution
		{900ACEE4-AE78-4B71-B0FE-2CD3D7F201C6}.Debug|Any CPU.ActiveCfg = Debug|Any CPU
		{900ACEE4-AE78-4B71-B0FE-2CD3D7F201C6}.Debug|Any CPU.Build.0 = Debug|Any CPU
		{900ACEE4-AE78-4B71-B0FE-2CD3D7F201C6}.Release|Any CPU.ActiveCfg = Release|Any CPU
		{900ACEE4-AE78-4B71-B0FE-2CD3D7F201C6}.Release|Any CPU.Build.0 = Release|Any CPU
		{212EAAE5-0B91-471C-83A4-E9D91035F160}.Debug|Any CPU.ActiveCfg = Debug|Any CPU
		{212EAAE5-0B91-471C-83A4-E9D91035F160}.Debug|Any CPU.Build.0 = Debug|Any CPU
		{212EAAE5-0B91-471C-83A4-E9D91035F160}.Release|Any CPU.ActiveCfg = Release|Any CPU
		{212EAAE5-0B91-471C-83A4-E9D91035F160}.Release|Any CPU.Build.0 = Release|Any CPU
		{FCB5A940-6C9E-4DC3-9F5D-9F2B61826DF6}.Debug|Any CPU.ActiveCfg = Debug|Any CPU
		{FCB5A940-6C9E-4DC3-9F5D-9F2B61826DF6}.Debug|Any CPU.Build.0 = Debug|Any CPU
		{FCB5A940-6C9E-4DC3-9F5D-9F2B61826DF6}.Release|Any CPU.ActiveCfg = Release|Any CPU
		{FCB5A940-6C9E-4DC3-9F5D-9F2B61826DF6}.Release|Any CPU.Build.0 = Release|Any CPU
		{7BB0EF75-2010-475B-B10A-489A1489BB73}.Debug|Any CPU.ActiveCfg = Debug|Any CPU
		{7BB0EF75-2010-475B-B10A-489A1489BB73}.Debug|Any CPU.Build.0 = Debug|Any CPU
		{7BB0EF75-2010-475B-B10A-489A1489BB73}.Release|Any CPU.ActiveCfg = Release|Any CPU
		{7BB0EF75-2010-475B-B10A-489A1489BB73}.Release|Any CPU.Build.0 = Release|Any CPU
		{ABD3C1F4-D6E9-43F0-B33F-515C63D80527}.Debug|Any CPU.ActiveCfg = Debug|Any CPU
		{ABD3C1F4-D6E9-43F0-B33F-515C63D80527}.Debug|Any CPU.Build.0 = Debug|Any CPU
		{ABD3C1F4-D6E9-43F0-B33F-515C63D80527}.Release|Any CPU.ActiveCfg = Release|Any CPU
		{ABD3C1F4-D6E9-43F0-B33F-515C63D80527}.Release|Any CPU.Build.0 = Release|Any CPU
		{92FC3166-FAEE-4144-B7BE-C21FF7E3489D}.Debug|Any CPU.ActiveCfg = Debug|Any CPU
		{92FC3166-FAEE-4144-B7BE-C21FF7E3489D}.Debug|Any CPU.Build.0 = Debug|Any CPU
		{92FC3166-FAEE-4144-B7BE-C21FF7E3489D}.Release|Any CPU.ActiveCfg = Release|Any CPU
		{92FC3166-FAEE-4144-B7BE-C21FF7E3489D}.Release|Any CPU.Build.0 = Release|Any CPU
		{6E22987F-2C7C-48AE-9B41-5042642D1440}.Debug|Any CPU.ActiveCfg = Debug|Any CPU
		{6E22987F-2C7C-48AE-9B41-5042642D1440}.Debug|Any CPU.Build.0 = Debug|Any CPU
		{6E22987F-2C7C-48AE-9B41-5042642D1440}.Release|Any CPU.ActiveCfg = Release|Any CPU
		{6E22987F-2C7C-48AE-9B41-5042642D1440}.Release|Any CPU.Build.0 = Release|Any CPU
		{4698E2FF-5F0D-48FA-AB35-604012DD0FE8}.Debug|Any CPU.ActiveCfg = Debug|Any CPU
		{4698E2FF-5F0D-48FA-AB35-604012DD0FE8}.Debug|Any CPU.Build.0 = Debug|Any CPU
		{4698E2FF-5F0D-48FA-AB35-604012DD0FE8}.Release|Any CPU.ActiveCfg = Release|Any CPU
		{4698E2FF-5F0D-48FA-AB35-604012DD0FE8}.Release|Any CPU.Build.0 = Release|Any CPU
		{F90BAB2C-838E-4709-A5B2-9EF7B17AC215}.Debug|Any CPU.ActiveCfg = Debug|Any CPU
		{F90BAB2C-838E-4709-A5B2-9EF7B17AC215}.Debug|Any CPU.Build.0 = Debug|Any CPU
		{F90BAB2C-838E-4709-A5B2-9EF7B17AC215}.Release|Any CPU.ActiveCfg = Release|Any CPU
		{F90BAB2C-838E-4709-A5B2-9EF7B17AC215}.Release|Any CPU.Build.0 = Release|Any CPU
		{F0BF29F2-D027-455B-BBD6-A6691E42B213}.Debug|Any CPU.ActiveCfg = Debug|Any CPU
		{F0BF29F2-D027-455B-BBD6-A6691E42B213}.Debug|Any CPU.Build.0 = Debug|Any CPU
		{F0BF29F2-D027-455B-BBD6-A6691E42B213}.Release|Any CPU.ActiveCfg = Release|Any CPU
		{F0BF29F2-D027-455B-BBD6-A6691E42B213}.Release|Any CPU.Build.0 = Release|Any CPU
		{DCE421AD-D0EF-46FB-8C51-CD29CF0B3C4D}.Debug|Any CPU.ActiveCfg = Debug|Any CPU
		{DCE421AD-D0EF-46FB-8C51-CD29CF0B3C4D}.Debug|Any CPU.Build.0 = Debug|Any CPU
		{DCE421AD-D0EF-46FB-8C51-CD29CF0B3C4D}.Release|Any CPU.ActiveCfg = Release|Any CPU
		{DCE421AD-D0EF-46FB-8C51-CD29CF0B3C4D}.Release|Any CPU.Build.0 = Release|Any CPU
		{D61F3ECD-469A-4032-9A23-A6FE7394E8CF}.Debug|Any CPU.ActiveCfg = Debug|Any CPU
		{D61F3ECD-469A-4032-9A23-A6FE7394E8CF}.Debug|Any CPU.Build.0 = Debug|Any CPU
		{D61F3ECD-469A-4032-9A23-A6FE7394E8CF}.Release|Any CPU.ActiveCfg = Release|Any CPU
		{D61F3ECD-469A-4032-9A23-A6FE7394E8CF}.Release|Any CPU.Build.0 = Release|Any CPU
		{5B7121CA-EC2E-4C05-9B35-4C178F61FE06}.Debug|Any CPU.ActiveCfg = Debug|Any CPU
		{5B7121CA-EC2E-4C05-9B35-4C178F61FE06}.Debug|Any CPU.Build.0 = Debug|Any CPU
		{5B7121CA-EC2E-4C05-9B35-4C178F61FE06}.Release|Any CPU.ActiveCfg = Release|Any CPU
		{5B7121CA-EC2E-4C05-9B35-4C178F61FE06}.Release|Any CPU.Build.0 = Release|Any CPU
		{22EB2315-9560-4CB9-B91A-5020BFD1E6D6}.Debug|Any CPU.ActiveCfg = Debug|Any CPU
		{22EB2315-9560-4CB9-B91A-5020BFD1E6D6}.Debug|Any CPU.Build.0 = Debug|Any CPU
		{22EB2315-9560-4CB9-B91A-5020BFD1E6D6}.Release|Any CPU.ActiveCfg = Release|Any CPU
		{22EB2315-9560-4CB9-B91A-5020BFD1E6D6}.Release|Any CPU.Build.0 = Release|Any CPU
		{A9D5AADA-18CC-4DA1-9873-174AA662043B}.Debug|Any CPU.ActiveCfg = Debug|Any CPU
		{A9D5AADA-18CC-4DA1-9873-174AA662043B}.Debug|Any CPU.Build.0 = Debug|Any CPU
		{A9D5AADA-18CC-4DA1-9873-174AA662043B}.Release|Any CPU.ActiveCfg = Release|Any CPU
		{A9D5AADA-18CC-4DA1-9873-174AA662043B}.Release|Any CPU.Build.0 = Release|Any CPU
		{2F5492B4-0CC3-43BB-9A9F-BF4AF2FDA6A3}.Debug|Any CPU.ActiveCfg = Debug|Any CPU
		{2F5492B4-0CC3-43BB-9A9F-BF4AF2FDA6A3}.Debug|Any CPU.Build.0 = Debug|Any CPU
		{2F5492B4-0CC3-43BB-9A9F-BF4AF2FDA6A3}.Release|Any CPU.ActiveCfg = Release|Any CPU
		{2F5492B4-0CC3-43BB-9A9F-BF4AF2FDA6A3}.Release|Any CPU.Build.0 = Release|Any CPU
	EndGlobalSection
	GlobalSection(SolutionProperties) = preSolution
		HideSolutionNode = FALSE
	EndGlobalSection
	GlobalSection(NestedProjects) = preSolution
		{900ACEE4-AE78-4B71-B0FE-2CD3D7F201C6} = {37ECFDCC-97C3-4A3E-8ACC-76EB4F12B3D2}
		{212EAAE5-0B91-471C-83A4-E9D91035F160} = {EA5C11D3-AE8C-4FD3-9926-8582A8A8ED56}
		{FCB5A940-6C9E-4DC3-9F5D-9F2B61826DF6} = {8FD15657-3F4B-4C99-A30B-22EF246F2FAB}
		{7BB0EF75-2010-475B-B10A-489A1489BB73} = {EA5C11D3-AE8C-4FD3-9926-8582A8A8ED56}
		{ABD3C1F4-D6E9-43F0-B33F-515C63D80527} = {8FD15657-3F4B-4C99-A30B-22EF246F2FAB}
		{92FC3166-FAEE-4144-B7BE-C21FF7E3489D} = {37ECFDCC-97C3-4A3E-8ACC-76EB4F12B3D2}
		{6E22987F-2C7C-48AE-9B41-5042642D1440} = {37ECFDCC-97C3-4A3E-8ACC-76EB4F12B3D2}
		{4698E2FF-5F0D-48FA-AB35-604012DD0FE8} = {8FD15657-3F4B-4C99-A30B-22EF246F2FAB}
		{F90BAB2C-838E-4709-A5B2-9EF7B17AC215} = {EA5C11D3-AE8C-4FD3-9926-8582A8A8ED56}
		{F0BF29F2-D027-455B-BBD6-A6691E42B213} = {4F1B9951-75BB-467B-96A2-1E316BF792C6}
		{DCE421AD-D0EF-46FB-8C51-CD29CF0B3C4D} = {4F1B9951-75BB-467B-96A2-1E316BF792C6}
		{D61F3ECD-469A-4032-9A23-A6FE7394E8CF} = {4F1B9951-75BB-467B-96A2-1E316BF792C6}
		{5B7121CA-EC2E-4C05-9B35-4C178F61FE06} = {4F1B9951-75BB-467B-96A2-1E316BF792C6}
		{2F5492B4-0CC3-43BB-9A9F-BF4AF2FDA6A3} = {7AA88267-1D82-40C2-ABF8-FFD26DB99722}
	EndGlobalSection
	GlobalSection(ExtensibilityGlobals) = postSolution
		SolutionGuid = {E5DCA216-E07B-4242-AB08-00954D0F0F33}
	EndGlobalSection
EndGlobal
